
Microsoft Visual Studio Solution File, Format Version 12.00
# Visual Studio Version 17
VisualStudioVersion = 17.5.33502.453
MinimumVisualStudioVersion = 10.0.40219.1
Project("{9A19103F-16F7-4668-BE54-9A1E7A4F7556}") = "CoreLibrary.Core", "src\CoreLibrary.Core\CoreLibrary.Core.csproj", "{6C10CC9F-59DA-474F-B766-75340273CDD6}"
EndProject
Project("{2150E333-8FDC-42A3-9474-1A3956D46DE8}") = "src", "src", "{161F4385-B15C-423E-84A7-09129BA7EF5A}"
EndProject
Project("{FAE04EC0-301F-11D3-BF4B-00C04F79EFBC}") = "CoreLibrary.Logger.Serilog", "CoreLibrary.Logger.Serilog\CoreLibrary.Logger.Serilog.csproj", "{133818F6-F594-4DEE-8D58-ADC94DCCCDC9}"
EndProject
Global
	GlobalSection(SolutionConfigurationPlatforms) = preSolution
		Debug|Any CPU = Debug|Any CPU
		Release|Any CPU = Release|Any CPU
	EndGlobalSection
	GlobalSection(ProjectConfigurationPlatforms) = postSolution
		{6C10CC9F-59DA-474F-B766-75340273CDD6}.Debug|Any CPU.ActiveCfg = Debug|Any CPU
		{6C10CC9F-59DA-474F-B766-75340273CDD6}.Debug|Any CPU.Build.0 = Debug|Any CPU
		{6C10CC9F-59DA-474F-B766-75340273CDD6}.Release|Any CPU.ActiveCfg = Release|Any CPU
		{6C10CC9F-59DA-474F-B766-75340273CDD6}.Release|Any CPU.Build.0 = Release|Any CPU
		{133818F6-F594-4DEE-8D58-ADC94DCCCDC9}.Debug|Any CPU.ActiveCfg = Debug|Any CPU
		{133818F6-F594-4DEE-8D58-ADC94DCCCDC9}.Debug|Any CPU.Build.0 = Debug|Any CPU
		{133818F6-F594-4DEE-8D58-ADC94DCCCDC9}.Release|Any CPU.ActiveCfg = Release|Any CPU
		{133818F6-F594-4DEE-8D58-ADC94DCCCDC9}.Release|Any CPU.Build.0 = Release|Any CPU
	EndGlobalSection
	GlobalSection(SolutionProperties) = preSolution
		HideSolutionNode = FALSE
	EndGlobalSection
	GlobalSection(NestedProjects) = preSolution
		{6C10CC9F-59DA-474F-B766-75340273CDD6} = {161F4385-B15C-423E-84A7-09129BA7EF5A}
		{133818F6-F594-4DEE-8D58-ADC94DCCCDC9} = {161F4385-B15C-423E-84A7-09129BA7EF5A}
	EndGlobalSection
	GlobalSection(ExtensibilityGlobals) = postSolution
		SolutionGuid = {413B6040-1CEF-4929-9569-6411FB8F8A8C}
	EndGlobalSection
EndGlobal
